// !$*UTF8*$!
{
	archiveVersion = 1;
	classes = {
	};
	objectVersion = 46;
	objects = {

/* Begin PBXBuildFile section */
		85254D1F156B2550000DDAC1 /* main.cpp in Sources */ = {isa = PBXBuildFile; fileRef = 85254D1E156B2550000DDAC1 /* main.cpp */; };
		85254D21156B2550000DDAC1 /* new.1 in CopyFiles */ = {isa = PBXBuildFile; fileRef = 85254D20156B2550000DDAC1 /* new.1 */; };
/* End PBXBuildFile section */

/* Begin PBXCopyFilesBuildPhase section */
		85254D18156B2550000DDAC1 /* CopyFiles */ = {
			isa = PBXCopyFilesBuildPhase;
			buildActionMask = 2147483647;
			dstPath = /usr/share/man/man1/;
			dstSubfolderSpec = 0;
			files = (
				85254D21156B2550000DDAC1 /* new.1 in CopyFiles */,
			);
			runOnlyForDeploymentPostprocessing = 1;
		};
/* End PBXCopyFilesBuildPhase section */

/* Begin PBXFileReference section */
		85254D1A156B2550000DDAC1 /* new */ = {isa = PBXFileReference; explicitFileType = "compiled.mach-o.executable"; includeInIndex = 0; path = new; sourceTree = BUILT_PRODUCTS_DIR; };
		85254D1E156B2550000DDAC1 /* main.cpp */ = {isa = PBXFileReference; lastKnownFileType = sourcecode.cpp.cpp; path = main.cpp; sourceTree = "<group>"; };
		85254D20156B2550000DDAC1 /* new.1 */ = {isa = PBXFileReference; lastKnownFileType = text.man; path = new.1; sourceTree = "<group>"; };
/* End PBXFileReference section */

/* Begin PBXFrameworksBuildPhase section */
		85254D17156B2550000DDAC1 /* Frameworks */ = {
			isa = PBXFrameworksBuildPhase;
			buildActionMask = 2147483647;
			files = (
			);
			runOnlyForDeploymentPostprocessing = 0;
		};
/* End PBXFrameworksBuildPhase section */

/* Begin PBXGroup section */
		85254D0F156B254E000DDAC1 = {
			isa = PBXGroup;
			children = (
				85254D1D156B2550000DDAC1 /* new */,
				85254D1B156B2550000DDAC1 /* Products */,
			);
			sourceTree = "<group>";
		};
		85254D1B156B2550000DDAC1 /* Products */ = {
			isa = PBXGroup;
			children = (
				85254D1A156B2550000DDAC1 /* new */,
			);
			name = Products;
			sourceTree = "<group>";
		};
		85254D1D156B2550000DDAC1 /* new */ = {
			isa = PBXGroup;
			children = (
				85254D1E156B2550000DDAC1 /* main.cpp */,
				85254D20156B2550000DDAC1 /* new.1 */,
			);
			path = new;
			sourceTree = "<group>";
		};
/* End PBXGroup section */

/* Begin PBXNativeTarget section */
		85254D19156B2550000DDAC1 /* new */ = {
			isa = PBXNativeTarget;
			buildConfigurationList = 85254D24156B2550000DDAC1 /* Build configuration list for PBXNativeTarget "new" */;
			buildPhases = (
				85254D16156B2550000DDAC1 /* Sources */,
				85254D17156B2550000DDAC1 /* Frameworks */,
				85254D18156B2550000DDAC1 /* CopyFiles */,
			);
			buildRules = (
			);
			dependencies = (
			);
			name = new;
			productName = new;
			productReference = 85254D1A156B2550000DDAC1 /* new */;
			productType = "com.apple.product-type.tool";
		};
/* End PBXNativeTarget section */

/* Begin PBXProject section */
		85254D11156B254E000DDAC1 /* Project object */ = {
			isa = PBXProject;
			attributes = {
				LastUpgradeCheck = 0420;
				ORGANIZATIONNAME = "Stony Brook University";
			};
			buildConfigurationList = 85254D14156B254E000DDAC1 /* Build configuration list for PBXProject "new" */;
			compatibilityVersion = "Xcode 3.2";
			developmentRegion = English;
			hasScannedForEncodings = 0;
			knownRegions = (
				en,
			);
			mainGroup = 85254D0F156B254E000DDAC1;
			productRefGroup = 85254D1B156B2550000DDAC1 /* Products */;
			projectDirPath = "";
			projectRoot = "";
			targets = (
				85254D19156B2550000DDAC1 /* new */,
			);
		};
/* End PBXProject section */

/* Begin PBXSourcesBuildPhase section */
		85254D16156B2550000DDAC1 /* Sources */ = {
			isa = PBXSourcesBuildPhase;
			buildActionMask = 2147483647;
			files = (
				85254D1F156B2550000DDAC1 /* main.cpp in Sources */,
			);
			runOnlyForDeploymentPostprocessing = 0;
		};
/* End PBXSourcesBuildPhase section */

/* Begin XCBuildConfiguration section */
		85254D22156B2550000DDAC1 /* Debug */ = {
			isa = XCBuildConfiguration;
			buildSettings = {
				ALWAYS_SEARCH_USER_PATHS = NO;
				ARCHS = "$(ARCHS_STANDARD_64_BIT)";
				CLANG_ENABLE_OBJC_ARC = YES;
				COPY_PHASE_STRIP = NO;
				GCC_C_LANGUAGE_STANDARD = gnu99;
				GCC_DYNAMIC_NO_PIC = NO;
				GCC_ENABLE_OBJC_EXCEPTIONS = YES;
				GCC_OPTIMIZATION_LEVEL = 0;
				GCC_PREPROCESSOR_DEFINITIONS = (
					"DEBUG=1",
					"$(inherited)",
				);
				GCC_SYMBOLS_PRIVATE_EXTERN = NO;
				GCC_VERSION = com.apple.compilers.llvm.clang.1_0;
				GCC_WARN_64_TO_32_BIT_CONVERSION = YES;
				GCC_WARN_ABOUT_MISSING_PROTOTYPES = YES;
				GCC_WARN_ABOUT_RETURN_TYPE = YES;
				GCC_WARN_UNUSED_VARIABLE = YES;
				MACOSX_DEPLOYMENT_TARGET = 10.7;
				ONLY_ACTIVE_ARCH = YES;
				SDKROOT = macosx;
			};
			name = Debug;
		};
		85254D23156B2550000DDAC1 /* Release */ = {
			isa = XCBuildConfiguration;
			buildSettings = {
				ALWAYS_SEARCH_USER_PATHS = NO;
				ARCHS = "$(ARCHS_STANDARD_64_BIT)";
				CLANG_ENABLE_OBJC_ARC = YES;
				COPY_PHASE_STRIP = YES;
				DEBUG_INFORMATION_FORMAT = "dwarf-with-dsym";
				GCC_C_LANGUAGE_STANDARD = gnu99;
				GCC_ENABLE_OBJC_EXCEPTIONS = YES;
				GCC_VERSION = com.apple.compilers.llvm.clang.1_0;
				GCC_WARN_64_TO_32_BIT_CONVERSION = YES;
				GCC_WARN_ABOUT_MISSING_PROTOTYPES = YES;
				GCC_WARN_ABOUT_RETURN_TYPE = YES;
				GCC_WARN_UNUSED_VARIABLE = YES;
				MACOSX_DEPLOYMENT_TARGET = 10.7;
				SDKROOT = macosx;
			};
			name = Release;
		};
		85254D25156B2550000DDAC1 /* Debug */ = {
			isa = XCBuildConfiguration;
			buildSettings = {
				PRODUCT_NAME = "$(TARGET_NAME)";
			};
			name = Debug;
		};
		85254D26156B2550000DDAC1 /* Release */ = {
			isa = XCBuildConfiguration;
			buildSettings = {
				PRODUCT_NAME = "$(TARGET_NAME)";
			};
			name = Release;
		};
/* End XCBuildConfiguration section */

/* Begin XCConfigurationList section */
		85254D14156B254E000DDAC1 /* Build configuration list for PBXProject "new" */ = {
			isa = XCConfigurationList;
			buildConfigurations = (
				85254D22156B2550000DDAC1 /* Debug */,
				85254D23156B2550000DDAC1 /* Release */,
			);
			defaultConfigurationIsVisible = 0;
			defaultConfigurationName = Release;
		};
		85254D24156B2550000DDAC1 /* Build configuration list for PBXNativeTarget "new" */ = {
			isa = XCConfigurationList;
			buildConfigurations = (
				85254D25156B2550000DDAC1 /* Debug */,
				85254D26156B2550000DDAC1 /* Release */,
			);
			defaultConfigurationIsVisible = 0;
		};
/* End XCConfigurationList section */
	};
	rootObject = 85254D11156B254E000DDAC1 /* Project object */;
}
